{
  "name": "using-wasm-presentation",
  "version": "1.0.0",
  "lockfileVersion": 1,
  "requires": true,
  "dependencies": {
    "wabt": {
      "version": "0.0.13",
      "resolved": "https://registry.npmjs.org/wabt/-/wabt-0.0.13.tgz",
      "integrity": "sha512-DdW0NE3IFq8mO6NShZI3Htxw+RLuvvIIlsflFKdijeb3fw1uSE74rQc9qhLoJCykWNY41AAVRgvmii8o4q4sLw=="
    }
  }
}
